// !$*UTF8*$!
{
	archiveVersion = 1;
	classes = {
	};
	objectVersion = 51;
	objects = {

/* Begin PBXBuildFile section */
		8C6292EB3270D13DDBDAC8CF /* Pods_Parstagram_ParstagramUITests.framework in Frameworks */ = {isa = PBXBuildFile; fileRef = A4526F257C4D38A02AD5C3EF /* Pods_Parstagram_ParstagramUITests.framework */; };
		9331E71B264E638C002F37A4 /* CommentCell.swift in Sources */ = {isa = PBXBuildFile; fileRef = 9331E71A264E638C002F37A4 /* CommentCell.swift */; };
		939E47DC263DB39700C3B8B4 /* AppDelegate.swift in Sources */ = {isa = PBXBuildFile; fileRef = 939E47DB263DB39700C3B8B4 /* AppDelegate.swift */; };
		939E47DE263DB39700C3B8B4 /* SceneDelegate.swift in Sources */ = {isa = PBXBuildFile; fileRef = 939E47DD263DB39700C3B8B4 /* SceneDelegate.swift */; };
		939E47E3263DB39700C3B8B4 /* Main.storyboard in Resources */ = {isa = PBXBuildFile; fileRef = 939E47E1263DB39700C3B8B4 /* Main.storyboard */; };
		939E47E5263DB39800C3B8B4 /* Assets.xcassets in Resources */ = {isa = PBXBuildFile; fileRef = 939E47E4263DB39800C3B8B4 /* Assets.xcassets */; };
		939E47E8263DB39800C3B8B4 /* LaunchScreen.storyboard in Resources */ = {isa = PBXBuildFile; fileRef = 939E47E6263DB39800C3B8B4 /* LaunchScreen.storyboard */; };
		939E47F3263DB39800C3B8B4 /* ParstagramTests.swift in Sources */ = {isa = PBXBuildFile; fileRef = 939E47F2263DB39800C3B8B4 /* ParstagramTests.swift */; };
		939E47FE263DB39800C3B8B4 /* ParstagramUITests.swift in Sources */ = {isa = PBXBuildFile; fileRef = 939E47FD263DB39800C3B8B4 /* ParstagramUITests.swift */; };
		939E4820263DB76400C3B8B4 /* LoginViewController.swift in Sources */ = {isa = PBXBuildFile; fileRef = 939E481F263DB76400C3B8B4 /* LoginViewController.swift */; };
		939E4825263DC95000C3B8B4 /* CameraViewController.swift in Sources */ = {isa = PBXBuildFile; fileRef = 939E4824263DC95000C3B8B4 /* CameraViewController.swift */; };
		939E4834263DDD6400C3B8B4 /* FeedViewController.swift in Sources */ = {isa = PBXBuildFile; fileRef = 939E4833263DDD6400C3B8B4 /* FeedViewController.swift */; };
		939E4839263DDD6700C3B8B4 /* PostCell.swift in Sources */ = {isa = PBXBuildFile; fileRef = 939E4838263DDD6700C3B8B4 /* PostCell.swift */; };
		9EAA73B51BAE5F2A2F7ABB55 /* Pods_ParstagramTests.framework in Frameworks */ = {isa = PBXBuildFile; fileRef = D41883FA85DE5499FECB511A /* Pods_ParstagramTests.framework */; };
		B868C2B71854F6B0E8271C26 /* Pods_Parstagram.framework in Frameworks */ = {isa = PBXBuildFile; fileRef = 59021FCF91C9830B62325ED3 /* Pods_Parstagram.framework */; };
/* End PBXBuildFile section */

/* Begin PBXContainerItemProxy section */
		939E47EF263DB39800C3B8B4 /* PBXContainerItemProxy */ = {
			isa = PBXContainerItemProxy;
			containerPortal = 939E47D0263DB39700C3B8B4 /* Project object */;
			proxyType = 1;
			remoteGlobalIDString = 939E47D7263DB39700C3B8B4;
			remoteInfo = Parstagram;
		};
		939E47FA263DB39800C3B8B4 /* PBXContainerItemProxy */ = {
			isa = PBXContainerItemProxy;
			containerPortal = 939E47D0263DB39700C3B8B4 /* Project object */;
			proxyType = 1;
			remoteGlobalIDString = 939E47D7263DB39700C3B8B4;
			remoteInfo = Parstagram;
		};
/* End PBXContainerItemProxy section */

/* Begin PBXFileReference section */
		0C73FE443F1B9C9BAB558E7F /* Pods-Parstagram.debug.xcconfig */ = {isa = PBXFileReference; includeInIndex = 1; lastKnownFileType = text.xcconfig; name = "Pods-Parstagram.debug.xcconfig"; path = "Target Support Files/Pods-Parstagram/Pods-Parstagram.debug.xcconfig"; sourceTree = "<group>"; };
		10FD8015525F1376F63F0033 /* Pods-Parstagram.release.xcconfig */ = {isa = PBXFileReference; includeInIndex = 1; lastKnownFileType = text.xcconfig; name = "Pods-Parstagram.release.xcconfig"; path = "Target Support Files/Pods-Parstagram/Pods-Parstagram.release.xcconfig"; sourceTree = "<group>"; };
		2E36FD3D410154D59C56374C /* Pods-Parstagram-ParstagramUITests.release.xcconfig */ = {isa = PBXFileReference; includeInIndex = 1; lastKnownFileType = text.xcconfig; name = "Pods-Parstagram-ParstagramUITests.release.xcconfig"; path = "Target Support Files/Pods-Parstagram-ParstagramUITests/Pods-Parstagram-ParstagramUITests.release.xcconfig"; sourceTree = "<group>"; };
		4685A1F2C1E9464AEB0D4D4E /* Pods-Parstagram-ParstagramUITests.debug.xcconfig */ = {isa = PBXFileReference; includeInIndex = 1; lastKnownFileType = text.xcconfig; name = "Pods-Parstagram-ParstagramUITests.debug.xcconfig"; path = "Target Support Files/Pods-Parstagram-ParstagramUITests/Pods-Parstagram-ParstagramUITests.debug.xcconfig"; sourceTree = "<group>"; };
		59021FCF91C9830B62325ED3 /* Pods_Parstagram.framework */ = {isa = PBXFileReference; explicitFileType = wrapper.framework; includeInIndex = 0; path = Pods_Parstagram.framework; sourceTree = BUILT_PRODUCTS_DIR; };
		89E375CB0BDB71C211EA405A /* Pods-ParstagramTests.release.xcconfig */ = {isa = PBXFileReference; includeInIndex = 1; lastKnownFileType = text.xcconfig; name = "Pods-ParstagramTests.release.xcconfig"; path = "Target Support Files/Pods-ParstagramTests/Pods-ParstagramTests.release.xcconfig"; sourceTree = "<group>"; };
		9331E71A264E638C002F37A4 /* CommentCell.swift */ = {isa = PBXFileReference; lastKnownFileType = sourcecode.swift; path = CommentCell.swift; sourceTree = "<group>"; };
		939E47D8263DB39700C3B8B4 /* Parstagram.app */ = {isa = PBXFileReference; explicitFileType = wrapper.application; includeInIndex = 0; path = Parstagram.app; sourceTree = BUILT_PRODUCTS_DIR; };
		939E47DB263DB39700C3B8B4 /* AppDelegate.swift */ = {isa = PBXFileReference; lastKnownFileType = sourcecode.swift; path = AppDelegate.swift; sourceTree = "<group>"; };
		939E47DD263DB39700C3B8B4 /* SceneDelegate.swift */ = {isa = PBXFileReference; lastKnownFileType = sourcecode.swift; path = SceneDelegate.swift; sourceTree = "<group>"; };
		939E47E2263DB39700C3B8B4 /* Base */ = {isa = PBXFileReference; lastKnownFileType = file.storyboard; name = Base; path = Base.lproj/Main.storyboard; sourceTree = "<group>"; };
		939E47E4263DB39800C3B8B4 /* Assets.xcassets */ = {isa = PBXFileReference; lastKnownFileType = folder.assetcatalog; path = Assets.xcassets; sourceTree = "<group>"; };
		939E47E7263DB39800C3B8B4 /* Base */ = {isa = PBXFileReference; lastKnownFileType = file.storyboard; name = Base; path = Base.lproj/LaunchScreen.storyboard; sourceTree = "<group>"; };
		939E47E9263DB39800C3B8B4 /* Info.plist */ = {isa = PBXFileReference; lastKnownFileType = text.plist.xml; path = Info.plist; sourceTree = "<group>"; };
		939E47EE263DB39800C3B8B4 /* ParstagramTests.xctest */ = {isa = PBXFileReference; explicitFileType = wrapper.cfbundle; includeInIndex = 0; path = ParstagramTests.xctest; sourceTree = BUILT_PRODUCTS_DIR; };
		939E47F2263DB39800C3B8B4 /* ParstagramTests.swift */ = {isa = PBXFileReference; lastKnownFileType = sourcecode.swift; path = ParstagramTests.swift; sourceTree = "<group>"; };
		939E47F4263DB39800C3B8B4 /* Info.plist */ = {isa = PBXFileReference; lastKnownFileType = text.plist.xml; path = Info.plist; sourceTree = "<group>"; };
		939E47F9263DB39800C3B8B4 /* ParstagramUITests.xctest */ = {isa = PBXFileReference; explicitFileType = wrapper.cfbundle; includeInIndex = 0; path = ParstagramUITests.xctest; sourceTree = BUILT_PRODUCTS_DIR; };
		939E47FD263DB39800C3B8B4 /* ParstagramUITests.swift */ = {isa = PBXFileReference; lastKnownFileType = sourcecode.swift; path = ParstagramUITests.swift; sourceTree = "<group>"; };
		939E47FF263DB39800C3B8B4 /* Info.plist */ = {isa = PBXFileReference; lastKnownFileType = text.plist.xml; path = Info.plist; sourceTree = "<group>"; };
		939E481F263DB76400C3B8B4 /* LoginViewController.swift */ = {isa = PBXFileReference; lastKnownFileType = sourcecode.swift; path = LoginViewController.swift; sourceTree = "<group>"; };
		939E4824263DC95000C3B8B4 /* CameraViewController.swift */ = {isa = PBXFileReference; lastKnownFileType = sourcecode.swift; path = CameraViewController.swift; sourceTree = "<group>"; };
		939E4833263DDD6400C3B8B4 /* FeedViewController.swift */ = {isa = PBXFileReference; lastKnownFileType = sourcecode.swift; name = FeedViewController.swift; path = /Users/sbalasa/Coding/PersonalProjects/iOS/Codepath/Parstagram/Parstagram/FeedViewController.swift; sourceTree = "<absolute>"; };
		939E4838263DDD6700C3B8B4 /* PostCell.swift */ = {isa = PBXFileReference; lastKnownFileType = sourcecode.swift; name = PostCell.swift; path = /Users/sbalasa/Coding/PersonalProjects/iOS/Codepath/Parstagram/Parstagram/PostCell.swift; sourceTree = "<absolute>"; };
		A4526F257C4D38A02AD5C3EF /* Pods_Parstagram_ParstagramUITests.framework */ = {isa = PBXFileReference; explicitFileType = wrapper.framework; includeInIndex = 0; path = Pods_Parstagram_ParstagramUITests.framework; sourceTree = BUILT_PRODUCTS_DIR; };
		D41883FA85DE5499FECB511A /* Pods_ParstagramTests.framework */ = {isa = PBXFileReference; explicitFileType = wrapper.framework; includeInIndex = 0; path = Pods_ParstagramTests.framework; sourceTree = BUILT_PRODUCTS_DIR; };
		DA6EF0E8B14A9124E5214A98 /* Pods-ParstagramTests.debug.xcconfig */ = {isa = PBXFileReference; includeInIndex = 1; lastKnownFileType = text.xcconfig; name = "Pods-ParstagramTests.debug.xcconfig"; path = "Target Support Files/Pods-ParstagramTests/Pods-ParstagramTests.debug.xcconfig"; sourceTree = "<group>"; };
/* End PBXFileReference section */

/* Begin PBXFrameworksBuildPhase section */
		939E47D5263DB39700C3B8B4 /* Frameworks */ = {
			isa = PBXFrameworksBuildPhase;
			buildActionMask = 2147483647;
			files = (
				B868C2B71854F6B0E8271C26 /* Pods_Parstagram.framework in Frameworks */,
			);
			runOnlyForDeploymentPostprocessing = 0;
		};
		939E47EB263DB39800C3B8B4 /* Frameworks */ = {
			isa = PBXFrameworksBuildPhase;
			buildActionMask = 2147483647;
			files = (
				9EAA73B51BAE5F2A2F7ABB55 /* Pods_ParstagramTests.framework in Frameworks */,
			);
			runOnlyForDeploymentPostprocessing = 0;
		};
		939E47F6263DB39800C3B8B4 /* Frameworks */ = {
			isa = PBXFrameworksBuildPhase;
			buildActionMask = 2147483647;
			files = (
				8C6292EB3270D13DDBDAC8CF /* Pods_Parstagram_ParstagramUITests.framework in Frameworks */,
			);
			runOnlyForDeploymentPostprocessing = 0;
		};
/* End PBXFrameworksBuildPhase section */

/* Begin PBXGroup section */
		1866DC324D48B90697704E5F /* Frameworks */ = {
			isa = PBXGroup;
			children = (
				59021FCF91C9830B62325ED3 /* Pods_Parstagram.framework */,
				A4526F257C4D38A02AD5C3EF /* Pods_Parstagram_ParstagramUITests.framework */,
				D41883FA85DE5499FECB511A /* Pods_ParstagramTests.framework */,
			);
			name = Frameworks;
			sourceTree = "<group>";
		};
		939E47CF263DB39700C3B8B4 = {
			isa = PBXGroup;
			children = (
				939E47DA263DB39700C3B8B4 /* Parstagram */,
				939E47F1263DB39800C3B8B4 /* ParstagramTests */,
				939E47FC263DB39800C3B8B4 /* ParstagramUITests */,
				939E47D9263DB39700C3B8B4 /* Products */,
				F90C065AE6BDA912F86CA9A6 /* Pods */,
				1866DC324D48B90697704E5F /* Frameworks */,
			);
			sourceTree = "<group>";
		};
		939E47D9263DB39700C3B8B4 /* Products */ = {
			isa = PBXGroup;
			children = (
				939E47D8263DB39700C3B8B4 /* Parstagram.app */,
				939E47EE263DB39800C3B8B4 /* ParstagramTests.xctest */,
				939E47F9263DB39800C3B8B4 /* ParstagramUITests.xctest */,
			);
			name = Products;
			sourceTree = "<group>";
		};
		939E47DA263DB39700C3B8B4 /* Parstagram */ = {
			isa = PBXGroup;
			children = (
				939E4838263DDD6700C3B8B4 /* PostCell.swift */,
				939E4833263DDD6400C3B8B4 /* FeedViewController.swift */,
				939E4824263DC95000C3B8B4 /* CameraViewController.swift */,
				939E47DB263DB39700C3B8B4 /* AppDelegate.swift */,
				939E47DD263DB39700C3B8B4 /* SceneDelegate.swift */,
				939E47E1263DB39700C3B8B4 /* Main.storyboard */,
				9331E71A264E638C002F37A4 /* CommentCell.swift */,
				939E481F263DB76400C3B8B4 /* LoginViewController.swift */,
				939E47E4263DB39800C3B8B4 /* Assets.xcassets */,
				939E47E6263DB39800C3B8B4 /* LaunchScreen.storyboard */,
				939E47E9263DB39800C3B8B4 /* Info.plist */,
			);
			path = Parstagram;
			sourceTree = "<group>";
		};
		939E47F1263DB39800C3B8B4 /* ParstagramTests */ = {
			isa = PBXGroup;
			children = (
				939E47F2263DB39800C3B8B4 /* ParstagramTests.swift */,
				939E47F4263DB39800C3B8B4 /* Info.plist */,
			);
			path = ParstagramTests;
			sourceTree = "<group>";
		};
		939E47FC263DB39800C3B8B4 /* ParstagramUITests */ = {
			isa = PBXGroup;
			children = (
				939E47FD263DB39800C3B8B4 /* ParstagramUITests.swift */,
				939E47FF263DB39800C3B8B4 /* Info.plist */,
			);
			path = ParstagramUITests;
			sourceTree = "<group>";
		};
		F90C065AE6BDA912F86CA9A6 /* Pods */ = {
			isa = PBXGroup;
			children = (
				0C73FE443F1B9C9BAB558E7F /* Pods-Parstagram.debug.xcconfig */,
				10FD8015525F1376F63F0033 /* Pods-Parstagram.release.xcconfig */,
				4685A1F2C1E9464AEB0D4D4E /* Pods-Parstagram-ParstagramUITests.debug.xcconfig */,
				2E36FD3D410154D59C56374C /* Pods-Parstagram-ParstagramUITests.release.xcconfig */,
				DA6EF0E8B14A9124E5214A98 /* Pods-ParstagramTests.debug.xcconfig */,
				89E375CB0BDB71C211EA405A /* Pods-ParstagramTests.release.xcconfig */,
			);
			path = Pods;
			sourceTree = "<group>";
		};
/* End PBXGroup section */

/* Begin PBXNativeTarget section */
		939E47D7263DB39700C3B8B4 /* Parstagram */ = {
			isa = PBXNativeTarget;
			buildConfigurationList = 939E4802263DB39800C3B8B4 /* Build configuration list for PBXNativeTarget "Parstagram" */;
			buildPhases = (
				D47577D0B2DA8231BE63FA54 /* [CP] Check Pods Manifest.lock */,
				939E47D4263DB39700C3B8B4 /* Sources */,
				939E47D5263DB39700C3B8B4 /* Frameworks */,
				939E47D6263DB39700C3B8B4 /* Resources */,
				AE974C51BC6C20BF937D4600 /* [CP] Embed Pods Frameworks */,
			);
			buildRules = (
			);
			dependencies = (
			);
			name = Parstagram;
			productName = Parstagram;
			productReference = 939E47D8263DB39700C3B8B4 /* Parstagram.app */;
			productType = "com.apple.product-type.application";
		};
		939E47ED263DB39800C3B8B4 /* ParstagramTests */ = {
			isa = PBXNativeTarget;
			buildConfigurationList = 939E4805263DB39800C3B8B4 /* Build configuration list for PBXNativeTarget "ParstagramTests" */;
			buildPhases = (
				9822A0493A9D3305B88B4E8E /* [CP] Check Pods Manifest.lock */,
				939E47EA263DB39800C3B8B4 /* Sources */,
				939E47EB263DB39800C3B8B4 /* Frameworks */,
				939E47EC263DB39800C3B8B4 /* Resources */,
			);
			buildRules = (
			);
			dependencies = (
				939E47F0263DB39800C3B8B4 /* PBXTargetDependency */,
			);
			name = ParstagramTests;
			productName = ParstagramTests;
			productReference = 939E47EE263DB39800C3B8B4 /* ParstagramTests.xctest */;
			productType = "com.apple.product-type.bundle.unit-test";
		};
		939E47F8263DB39800C3B8B4 /* ParstagramUITests */ = {
			isa = PBXNativeTarget;
			buildConfigurationList = 939E4808263DB39800C3B8B4 /* Build configuration list for PBXNativeTarget "ParstagramUITests" */;
			buildPhases = (
				8CC53E1AB554F820BADFED5A /* [CP] Check Pods Manifest.lock */,
				939E47F5263DB39800C3B8B4 /* Sources */,
				939E47F6263DB39800C3B8B4 /* Frameworks */,
				939E47F7263DB39800C3B8B4 /* Resources */,
				963D02D25D612EDD21E8160A /* [CP] Embed Pods Frameworks */,
			);
			buildRules = (
			);
			dependencies = (
				939E47FB263DB39800C3B8B4 /* PBXTargetDependency */,
			);
			name = ParstagramUITests;
			productName = ParstagramUITests;
			productReference = 939E47F9263DB39800C3B8B4 /* ParstagramUITests.xctest */;
			productType = "com.apple.product-type.bundle.ui-testing";
		};
/* End PBXNativeTarget section */

/* Begin PBXProject section */
		939E47D0263DB39700C3B8B4 /* Project object */ = {
			isa = PBXProject;
			attributes = {
				LastSwiftUpdateCheck = 1240;
				LastUpgradeCheck = 1240;
				TargetAttributes = {
					939E47D7263DB39700C3B8B4 = {
						CreatedOnToolsVersion = 12.4;
					};
					939E47ED263DB39800C3B8B4 = {
						CreatedOnToolsVersion = 12.4;
						TestTargetID = 939E47D7263DB39700C3B8B4;
					};
					939E47F8263DB39800C3B8B4 = {
						CreatedOnToolsVersion = 12.4;
						TestTargetID = 939E47D7263DB39700C3B8B4;
					};
				};
			};
			buildConfigurationList = 939E47D3263DB39700C3B8B4 /* Build configuration list for PBXProject "Parstagram" */;
			compatibilityVersion = "Xcode 9.3";
			developmentRegion = en;
			hasScannedForEncodings = 0;
			knownRegions = (
				en,
				Base,
			);
			mainGroup = 939E47CF263DB39700C3B8B4;
			productRefGroup = 939E47D9263DB39700C3B8B4 /* Products */;
			projectDirPath = "";
			projectRoot = "";
			targets = (
				939E47D7263DB39700C3B8B4 /* Parstagram */,
				939E47ED263DB39800C3B8B4 /* ParstagramTests */,
				939E47F8263DB39800C3B8B4 /* ParstagramUITests */,
			);
		};
/* End PBXProject section */

/* Begin PBXResourcesBuildPhase section */
		939E47D6263DB39700C3B8B4 /* Resources */ = {
			isa = PBXResourcesBuildPhase;
			buildActionMask = 2147483647;
			files = (
				939E47E8263DB39800C3B8B4 /* LaunchScreen.storyboard in Resources */,
				939E47E5263DB39800C3B8B4 /* Assets.xcassets in Resources */,
				939E47E3263DB39700C3B8B4 /* Main.storyboard in Resources */,
			);
			runOnlyForDeploymentPostprocessing = 0;
		};
		939E47EC263DB39800C3B8B4 /* Resources */ = {
			isa = PBXResourcesBuildPhase;
			buildActionMask = 2147483647;
			files = (
			);
			runOnlyForDeploymentPostprocessing = 0;
		};
		939E47F7263DB39800C3B8B4 /* Resources */ = {
			isa = PBXResourcesBuildPhase;
			buildActionMask = 2147483647;
			files = (
			);
			runOnlyForDeploymentPostprocessing = 0;
		};
/* End PBXResourcesBuildPhase section */

/* Begin PBXShellScriptBuildPhase section */
		8CC53E1AB554F820BADFED5A /* [CP] Check Pods Manifest.lock */ = {
			isa = PBXShellScriptBuildPhase;
			buildActionMask = 2147483647;
			files = (
			);
			inputFileListPaths = (
			);
			inputPaths = (
				"${PODS_PODFILE_DIR_PATH}/Podfile.lock",
				"${PODS_ROOT}/Manifest.lock",
			);
			name = "[CP] Check Pods Manifest.lock";
			outputFileListPaths = (
			);
			outputPaths = (
				"$(DERIVED_FILE_DIR)/Pods-Parstagram-ParstagramUITests-checkManifestLockResult.txt",
			);
			runOnlyForDeploymentPostprocessing = 0;
			shellPath = /bin/sh;
			shellScript = "diff \"${PODS_PODFILE_DIR_PATH}/Podfile.lock\" \"${PODS_ROOT}/Manifest.lock\" > /dev/null\nif [ $? != 0 ] ; then\n    # print error to STDERR\n    echo \"error: The sandbox is not in sync with the Podfile.lock. Run 'pod install' or update your CocoaPods installation.\" >&2\n    exit 1\nfi\n# This output is used by Xcode 'outputs' to avoid re-running this script phase.\necho \"SUCCESS\" > \"${SCRIPT_OUTPUT_FILE_0}\"\n";
			showEnvVarsInLog = 0;
		};
		963D02D25D612EDD21E8160A /* [CP] Embed Pods Frameworks */ = {
			isa = PBXShellScriptBuildPhase;
			buildActionMask = 2147483647;
			files = (
			);
			inputFileListPaths = (
				"${PODS_ROOT}/Target Support Files/Pods-Parstagram-ParstagramUITests/Pods-Parstagram-ParstagramUITests-frameworks-${CONFIGURATION}-input-files.xcfilelist",
			);
			name = "[CP] Embed Pods Frameworks";
			outputFileListPaths = (
				"${PODS_ROOT}/Target Support Files/Pods-Parstagram-ParstagramUITests/Pods-Parstagram-ParstagramUITests-frameworks-${CONFIGURATION}-output-files.xcfilelist",
			);
			runOnlyForDeploymentPostprocessing = 0;
			shellPath = /bin/sh;
			shellScript = "\"${PODS_ROOT}/Target Support Files/Pods-Parstagram-ParstagramUITests/Pods-Parstagram-ParstagramUITests-frameworks.sh\"\n";
			showEnvVarsInLog = 0;
		};
		9822A0493A9D3305B88B4E8E /* [CP] Check Pods Manifest.lock */ = {
			isa = PBXShellScriptBuildPhase;
			buildActionMask = 2147483647;
			files = (
			);
			inputFileListPaths = (
			);
			inputPaths = (
				"${PODS_PODFILE_DIR_PATH}/Podfile.lock",
				"${PODS_ROOT}/Manifest.lock",
			);
			name = "[CP] Check Pods Manifest.lock";
			outputFileListPaths = (
			);
			outputPaths = (
				"$(DERIVED_FILE_DIR)/Pods-ParstagramTests-checkManifestLockResult.txt",
			);
			runOnlyForDeploymentPostprocessing = 0;
			shellPath = /bin/sh;
			shellScript = "diff \"${PODS_PODFILE_DIR_PATH}/Podfile.lock\" \"${PODS_ROOT}/Manifest.lock\" > /dev/null\nif [ $? != 0 ] ; then\n    # print error to STDERR\n    echo \"error: The sandbox is not in sync with the Podfile.lock. Run 'pod install' or update your CocoaPods installation.\" >&2\n    exit 1\nfi\n# This output is used by Xcode 'outputs' to avoid re-running this script phase.\necho \"SUCCESS\" > \"${SCRIPT_OUTPUT_FILE_0}\"\n";
			showEnvVarsInLog = 0;
		};
		AE974C51BC6C20BF937D4600 /* [CP] Embed Pods Frameworks */ = {
			isa = PBXShellScriptBuildPhase;
			buildActionMask = 2147483647;
			files = (
			);
			inputFileListPaths = (
				"${PODS_ROOT}/Target Support Files/Pods-Parstagram/Pods-Parstagram-frameworks-${CONFIGURATION}-input-files.xcfilelist",
			);
			name = "[CP] Embed Pods Frameworks";
			outputFileListPaths = (
				"${PODS_ROOT}/Target Support Files/Pods-Parstagram/Pods-Parstagram-frameworks-${CONFIGURATION}-output-files.xcfilelist",
			);
			runOnlyForDeploymentPostprocessing = 0;
			shellPath = /bin/sh;
			shellScript = "\"${PODS_ROOT}/Target Support Files/Pods-Parstagram/Pods-Parstagram-frameworks.sh\"\n";
			showEnvVarsInLog = 0;
		};
		D47577D0B2DA8231BE63FA54 /* [CP] Check Pods Manifest.lock */ = {
			isa = PBXShellScriptBuildPhase;
			buildActionMask = 2147483647;
			files = (
			);
			inputFileListPaths = (
			);
			inputPaths = (
				"${PODS_PODFILE_DIR_PATH}/Podfile.lock",
				"${PODS_ROOT}/Manifest.lock",
			);
			name = "[CP] Check Pods Manifest.lock";
			outputFileListPaths = (
			);
			outputPaths = (
				"$(DERIVED_FILE_DIR)/Pods-Parstagram-checkManifestLockResult.txt",
			);
			runOnlyForDeploymentPostprocessing = 0;
			shellPath = /bin/sh;
			shellScript = "diff \"${PODS_PODFILE_DIR_PATH}/Podfile.lock\" \"${PODS_ROOT}/Manifest.lock\" > /dev/null\nif [ $? != 0 ] ; then\n    # print error to STDERR\n    echo \"error: The sandbox is not in sync with the Podfile.lock. Run 'pod install' or update your CocoaPods installation.\" >&2\n    exit 1\nfi\n# This output is used by Xcode 'outputs' to avoid re-running this script phase.\necho \"SUCCESS\" > \"${SCRIPT_OUTPUT_FILE_0}\"\n";
			showEnvVarsInLog = 0;
		};
/* End PBXShellScriptBuildPhase section */

/* Begin PBXSourcesBuildPhase section */
		939E47D4263DB39700C3B8B4 /* Sources */ = {
			isa = PBXSourcesBuildPhase;
			buildActionMask = 2147483647;
			files = (
				939E4820263DB76400C3B8B4 /* LoginViewController.swift in Sources */,
				939E4825263DC95000C3B8B4 /* CameraViewController.swift in Sources */,
				939E47DC263DB39700C3B8B4 /* AppDelegate.swift in Sources */,
				939E47DE263DB39700C3B8B4 /* SceneDelegate.swift in Sources */,
				939E4834263DDD6400C3B8B4 /* FeedViewController.swift in Sources */,
				939E4839263DDD6700C3B8B4 /* PostCell.swift in Sources */,
				9331E71B264E638C002F37A4 /* CommentCell.swift in Sources */,
			);
			runOnlyForDeploymentPostprocessing = 0;
		};
		939E47EA263DB39800C3B8B4 /* Sources */ = {
			isa = PBXSourcesBuildPhase;
			buildActionMask = 2147483647;
			files = (
				939E47F3263DB39800C3B8B4 /* ParstagramTests.swift in Sources */,
			);
			runOnlyForDeploymentPostprocessing = 0;
		};
		939E47F5263DB39800C3B8B4 /* Sources */ = {
			isa = PBXSourcesBuildPhase;
			buildActionMask = 2147483647;
			files = (
				939E47FE263DB39800C3B8B4 /* ParstagramUITests.swift in Sources */,
			);
			runOnlyForDeploymentPostprocessing = 0;
		};
/* End PBXSourcesBuildPhase section */

/* Begin PBXTargetDependency section */
		939E47F0263DB39800C3B8B4 /* PBXTargetDependency */ = {
			isa = PBXTargetDependency;
			target = 939E47D7263DB39700C3B8B4 /* Parstagram */;
			targetProxy = 939E47EF263DB39800C3B8B4 /* PBXContainerItemProxy */;
		};
		939E47FB263DB39800C3B8B4 /* PBXTargetDependency */ = {
			isa = PBXTargetDependency;
			target = 939E47D7263DB39700C3B8B4 /* Parstagram */;
			targetProxy = 939E47FA263DB39800C3B8B4 /* PBXContainerItemProxy */;
		};
/* End PBXTargetDependency section */

/* Begin PBXVariantGroup section */
		939E47E1263DB39700C3B8B4 /* Main.storyboard */ = {
			isa = PBXVariantGroup;
			children = (
				939E47E2263DB39700C3B8B4 /* Base */,
			);
			name = Main.storyboard;
			sourceTree = "<group>";
		};
		939E47E6263DB39800C3B8B4 /* LaunchScreen.storyboard */ = {
			isa = PBXVariantGroup;
			children = (
				939E47E7263DB39800C3B8B4 /* Base */,
			);
			name = LaunchScreen.storyboard;
			sourceTree = "<group>";
		};
/* End PBXVariantGroup section */

/* Begin XCBuildConfiguration section */
		939E4800263DB39800C3B8B4 /* Debug */ = {
			isa = XCBuildConfiguration;
			buildSettings = {
				ALWAYS_SEARCH_USER_PATHS = NO;
				CLANG_ANALYZER_NONNULL = YES;
				CLANG_ANALYZER_NUMBER_OBJECT_CONVERSION = YES_AGGRESSIVE;
				CLANG_CXX_LANGUAGE_STANDARD = "gnu++14";
				CLANG_CXX_LIBRARY = "libc++";
				CLANG_ENABLE_MODULES = YES;
				CLANG_ENABLE_OBJC_ARC = YES;
				CLANG_ENABLE_OBJC_WEAK = YES;
				CLANG_WARN_BLOCK_CAPTURE_AUTORELEASING = YES;
				CLANG_WARN_BOOL_CONVERSION = YES;
				CLANG_WARN_COMMA = YES;
				CLANG_WARN_CONSTANT_CONVERSION = YES;
				CLANG_WARN_DEPRECATED_OBJC_IMPLEMENTATIONS = YES;
				CLANG_WARN_DIRECT_OBJC_ISA_USAGE = YES_ERROR;
				CLANG_WARN_DOCUMENTATION_COMMENTS = YES;
				CLANG_WARN_EMPTY_BODY = YES;
				CLANG_WARN_ENUM_CONVERSION = YES;
				CLANG_WARN_INFINITE_RECURSION = YES;
				CLANG_WARN_INT_CONVERSION = YES;
				CLANG_WARN_NON_LITERAL_NULL_CONVERSION = YES;
				CLANG_WARN_OBJC_IMPLICIT_RETAIN_SELF = YES;
				CLANG_WARN_OBJC_LITERAL_CONVERSION = YES;
				CLANG_WARN_OBJC_ROOT_CLASS = YES_ERROR;
				CLANG_WARN_QUOTED_INCLUDE_IN_FRAMEWORK_HEADER = YES;
				CLANG_WARN_RANGE_LOOP_ANALYSIS = YES;
				CLANG_WARN_STRICT_PROTOTYPES = YES;
				CLANG_WARN_SUSPICIOUS_MOVE = YES;
				CLANG_WARN_UNGUARDED_AVAILABILITY = YES_AGGRESSIVE;
				CLANG_WARN_UNREACHABLE_CODE = YES;
				CLANG_WARN__DUPLICATE_METHOD_MATCH = YES;
				COPY_PHASE_STRIP = NO;
				DEBUG_INFORMATION_FORMAT = dwarf;
				ENABLE_STRICT_OBJC_MSGSEND = YES;
				ENABLE_TESTABILITY = YES;
				GCC_C_LANGUAGE_STANDARD = gnu11;
				GCC_DYNAMIC_NO_PIC = NO;
				GCC_NO_COMMON_BLOCKS = YES;
				GCC_OPTIMIZATION_LEVEL = 0;
				GCC_PREPROCESSOR_DEFINITIONS = (
					"DEBUG=1",
					"$(inherited)",
				);
				GCC_WARN_64_TO_32_BIT_CONVERSION = YES;
				GCC_WARN_ABOUT_RETURN_TYPE = YES_ERROR;
				GCC_WARN_UNDECLARED_SELECTOR = YES;
				GCC_WARN_UNINITIALIZED_AUTOS = YES_AGGRESSIVE;
				GCC_WARN_UNUSED_FUNCTION = YES;
				GCC_WARN_UNUSED_VARIABLE = YES;
				IPHONEOS_DEPLOYMENT_TARGET = 14.4;
				MTL_ENABLE_DEBUG_INFO = INCLUDE_SOURCE;
				MTL_FAST_MATH = YES;
				ONLY_ACTIVE_ARCH = YES;
				SDKROOT = iphoneos;
				SWIFT_ACTIVE_COMPILATION_CONDITIONS = DEBUG;
				SWIFT_OPTIMIZATION_LEVEL = "-Onone";
			};
			name = Debug;
		};
		939E4801263DB39800C3B8B4 /* Release */ = {
			isa = XCBuildConfiguration;
			buildSettings = {
				ALWAYS_SEARCH_USER_PATHS = NO;
				CLANG_ANALYZER_NONNULL = YES;
				CLANG_ANALYZER_NUMBER_OBJECT_CONVERSION = YES_AGGRESSIVE;
				CLANG_CXX_LANGUAGE_STANDARD = "gnu++14";
				CLANG_CXX_LIBRARY = "libc++";
				CLANG_ENABLE_MODULES = YES;
				CLANG_ENABLE_OBJC_ARC = YES;
				CLANG_ENABLE_OBJC_WEAK = YES;
				CLANG_WARN_BLOCK_CAPTURE_AUTORELEASING = YES;
				CLANG_WARN_BOOL_CONVERSION = YES;
				CLANG_WARN_COMMA = YES;
				CLANG_WARN_CONSTANT_CONVERSION = YES;
				CLANG_WARN_DEPRECATED_OBJC_IMPLEMENTATIONS = YES;
				CLANG_WARN_DIRECT_OBJC_ISA_USAGE = YES_ERROR;
				CLANG_WARN_DOCUMENTATION_COMMENTS = YES;
				CLANG_WARN_EMPTY_BODY = YES;
				CLANG_WARN_ENUM_CONVERSION = YES;
				CLANG_WARN_INFINITE_RECURSION = YES;
				CLANG_WARN_INT_CONVERSION = YES;
				CLANG_WARN_NON_LITERAL_NULL_CONVERSION = YES;
				CLANG_WARN_OBJC_IMPLICIT_RETAIN_SELF = YES;
				CLANG_WARN_OBJC_LITERAL_CONVERSION = YES;
				CLANG_WARN_OBJC_ROOT_CLASS = YES_ERROR;
				CLANG_WARN_QUOTED_INCLUDE_IN_FRAMEWORK_HEADER = YES;
				CLANG_WARN_RANGE_LOOP_ANALYSIS = YES;
				CLANG_WARN_STRICT_PROTOTYPES = YES;
				CLANG_WARN_SUSPICIOUS_MOVE = YES;
				CLANG_WARN_UNGUARDED_AVAILABILITY = YES_AGGRESSIVE;
				CLANG_WARN_UNREACHABLE_CODE = YES;
				CLANG_WARN__DUPLICATE_METHOD_MATCH = YES;
				COPY_PHASE_STRIP = NO;
				DEBUG_INFORMATION_FORMAT = "dwarf-with-dsym";
				ENABLE_NS_ASSERTIONS = NO;
				ENABLE_STRICT_OBJC_MSGSEND = YES;
				GCC_C_LANGUAGE_STANDARD = gnu11;
				GCC_NO_COMMON_BLOCKS = YES;
				GCC_WARN_64_TO_32_BIT_CONVERSION = YES;
				GCC_WARN_ABOUT_RETURN_TYPE = YES_ERROR;
				GCC_WARN_UNDECLARED_SELECTOR = YES;
				GCC_WARN_UNINITIALIZED_AUTOS = YES_AGGRESSIVE;
				GCC_WARN_UNUSED_FUNCTION = YES;
				GCC_WARN_UNUSED_VARIABLE = YES;
				IPHONEOS_DEPLOYMENT_TARGET = 14.4;
				MTL_ENABLE_DEBUG_INFO = NO;
				MTL_FAST_MATH = YES;
				SDKROOT = iphoneos;
				SWIFT_COMPILATION_MODE = wholemodule;
				SWIFT_OPTIMIZATION_LEVEL = "-O";
				VALIDATE_PRODUCT = YES;
			};
			name = Release;
		};
		939E4803263DB39800C3B8B4 /* Debug */ = {
			isa = XCBuildConfiguration;
			baseConfigurationReference = 0C73FE443F1B9C9BAB558E7F /* Pods-Parstagram.debug.xcconfig */;
			buildSettings = {
				ASSETCATALOG_COMPILER_APPICON_NAME = AppIcon;
				ASSETCATALOG_COMPILER_GLOBAL_ACCENT_COLOR_NAME = AccentColor;
				CODE_SIGN_STYLE = Automatic;
				INFOPLIST_FILE = Parstagram/Info.plist;
				LD_RUNPATH_SEARCH_PATHS = (
					"$(inherited)",
					"@executable_path/Frameworks",
				);
				PRODUCT_BUNDLE_IDENTIFIER = sravya.balasa.Parstagram;
				PRODUCT_NAME = "$(TARGET_NAME)";
				SWIFT_VERSION = 5.0;
				TARGETED_DEVICE_FAMILY = "1,2";
			};
			name = Debug;
		};
		939E4804263DB39800C3B8B4 /* Release */ = {
			isa = XCBuildConfiguration;
			baseConfigurationReference = 10FD8015525F1376F63F0033 /* Pods-Parstagram.release.xcconfig */;
			buildSettings = {
				ASSETCATALOG_COMPILER_APPICON_NAME = AppIcon;
				ASSETCATALOG_COMPILER_GLOBAL_ACCENT_COLOR_NAME = AccentColor;
				CODE_SIGN_STYLE = Automatic;
				INFOPLIST_FILE = Parstagram/Info.plist;
				LD_RUNPATH_SEARCH_PATHS = (
					"$(inherited)",
					"@executable_path/Frameworks",
				);
				PRODUCT_BUNDLE_IDENTIFIER = sravya.balasa.Parstagram;
				PRODUCT_NAME = "$(TARGET_NAME)";
				SWIFT_VERSION = 5.0;
				TARGETED_DEVICE_FAMILY = "1,2";
			};
			name = Release;
		};
		939E4806263DB39800C3B8B4 /* Debug */ = {
			isa = XCBuildConfiguration;
			baseConfigurationReference = DA6EF0E8B14A9124E5214A98 /* Pods-ParstagramTests.debug.xcconfig */;
			buildSettings = {
				ALWAYS_EMBED_SWIFT_STANDARD_LIBRARIES = YES;
				BUNDLE_LOADER = "$(TEST_HOST)";
				CODE_SIGN_STYLE = Automatic;
				INFOPLIST_FILE = ParstagramTests/Info.plist;
				IPHONEOS_DEPLOYMENT_TARGET = 14.4;
				LD_RUNPATH_SEARCH_PATHS = (
					"$(inherited)",
					"@executable_path/Frameworks",
					"@loader_path/Frameworks",
				);
				PRODUCT_BUNDLE_IDENTIFIER = sravya.balasa.ParstagramTests;
				PRODUCT_NAME = "$(TARGET_NAME)";
				SWIFT_VERSION = 5.0;
				TARGETED_DEVICE_FAMILY = "1,2";
				TEST_HOST = "$(BUILT_PRODUCTS_DIR)/Parstagram.app/Parstagram";
			};
			name = Debug;
		};
		939E4807263DB39800C3B8B4 /* Release */ = {
			isa = XCBuildConfiguration;
			baseConfigurationReference = 89E375CB0BDB71C211EA405A /* Pods-ParstagramTests.release.xcconfig */;
			buildSettings = {
				ALWAYS_EMBED_SWIFT_STANDARD_LIBRARIES = YES;
				BUNDLE_LOADER = "$(TEST_HOST)";
				CODE_SIGN_STYLE = Automatic;
				INFOPLIST_FILE = ParstagramTests/Info.plist;
				IPHONEOS_DEPLOYMENT_TARGET = 14.4;
				LD_RUNPATH_SEARCH_PATHS = (
					"$(inherited)",
					"@executable_path/Frameworks",
					"@loader_path/Frameworks",
				);
				PRODUCT_BUNDLE_IDENTIFIER = sravya.balasa.ParstagramTests;
				PRODUCT_NAME = "$(TARGET_NAME)";
				SWIFT_VERSION = 5.0;
				TARGETED_DEVICE_FAMILY = "1,2";
				TEST_HOST = "$(BUILT_PRODUCTS_DIR)/Parstagram.app/Parstagram";
			};
			name = Release;
		};
		939E4809263DB39800C3B8B4 /* Debug */ = {
			isa = XCBuildConfiguration;
			baseConfigurationReference = 4685A1F2C1E9464AEB0D4D4E /* Pods-Parstagram-ParstagramUITests.debug.xcconfig */;
			buildSettings = {
				ALWAYS_EMBED_SWIFT_STANDARD_LIBRARIES = YES;
				CODE_SIGN_STYLE = Automatic;
				INFOPLIST_FILE = ParstagramUITests/Info.plist;
				LD_RUNPATH_SEARCH_PATHS = (
					"$(inherited)",
					"@executable_path/Frameworks",
					"@loader_path/Frameworks",
				);
				PRODUCT_BUNDLE_IDENTIFIER = sravya.balasa.ParstagramUITests;
				PRODUCT_NAME = "$(TARGET_NAME)";
				SWIFT_VERSION = 5.0;
				TARGETED_DEVICE_FAMILY = "1,2";
				TEST_TARGET_NAME = Parstagram;
			};
			name = Debug;
		};
		939E480A263DB39800C3B8B4 /* Release */ = {
			isa = XCBuildConfiguration;
			baseConfigurationReference = 2E36FD3D410154D59C56374C /* Pods-Parstagram-ParstagramUITests.release.xcconfig */;
			buildSettings = {
				ALWAYS_EMBED_SWIFT_STANDARD_LIBRARIES = YES;
				CODE_SIGN_STYLE = Automatic;
				INFOPLIST_FILE = ParstagramUITests/Info.plist;
				LD_RUNPATH_SEARCH_PATHS = (
					"$(inherited)",
					"@executable_path/Frameworks",
					"@loader_path/Frameworks",
				);
				PRODUCT_BUNDLE_IDENTIFIER = sravya.balasa.ParstagramUITests;
				PRODUCT_NAME = "$(TARGET_NAME)";
				SWIFT_VERSION = 5.0;
				TARGETED_DEVICE_FAMILY = "1,2";
				TEST_TARGET_NAME = Parstagram;
			};
			name = Release;
		};
/* End XCBuildConfiguration section */

/* Begin XCConfigurationList section */
		939E47D3263DB39700C3B8B4 /* Build configuration list for PBXProject "Parstagram" */ = {
			isa = XCConfigurationList;
			buildConfigurations = (
				939E4800263DB39800C3B8B4 /* Debug */,
				939E4801263DB39800C3B8B4 /* Release */,
			);
			defaultConfigurationIsVisible = 0;
			defaultConfigurationName = Release;
		};
		939E4802263DB39800C3B8B4 /* Build configuration list for PBXNativeTarget "Parstagram" */ = {
			isa = XCConfigurationList;
			buildConfigurations = (
				939E4803263DB39800C3B8B4 /* Debug */,
				939E4804263DB39800C3B8B4 /* Release */,
			);
			defaultConfigurationIsVisible = 0;
			defaultConfigurationName = Release;
		};
		939E4805263DB39800C3B8B4 /* Build configuration list for PBXNativeTarget "ParstagramTests" */ = {
			isa = XCConfigurationList;
			buildConfigurations = (
				939E4806263DB39800C3B8B4 /* Debug */,
				939E4807263DB39800C3B8B4 /* Release */,
			);
			defaultConfigurationIsVisible = 0;
			defaultConfigurationName = Release;
		};
		939E4808263DB39800C3B8B4 /* Build configuration list for PBXNativeTarget "ParstagramUITests" */ = {
			isa = XCConfigurationList;
			buildConfigurations = (
				939E4809263DB39800C3B8B4 /* Debug */,
				939E480A263DB39800C3B8B4 /* Release */,
			);
			defaultConfigurationIsVisible = 0;
			defaultConfigurationName = Release;
		};
/* End XCConfigurationList section */
	};
	rootObject = 939E47D0263DB39700C3B8B4 /* Project object */;
}
